// !$*UTF8*$!
{
	archiveVersion = 1;
	classes = {
	};
	objectVersion = 46;
	objects = {

/* Begin PBXBuildFile section */
		2C3B78FF2029756900E4A66D /* manifest.json in CopyFiles */ = {isa = PBXBuildFile; fileRef = 2C3B78FE2029756900E4A66D /* manifest.json */; };
		2C3B79012029756900E4A66D /* script.cocoscript in CopyFiles */ = {isa = PBXBuildFile; fileRef = 2C3B79002029756900E4A66D /* script.cocoscript */; };
/* End PBXBuildFile section */

/* Begin PBXCopyFilesBuildPhase section */
		2C3B78F72029756900E4A66D /* CopyFiles */ = {
			isa = PBXCopyFilesBuildPhase;
			buildActionMask = 2147483647;
			dstPath = Contents/Sketch;
			dstSubfolderSpec = 1;
			files = (
				2C3B78FF2029756900E4A66D /* manifest.json in CopyFiles */,
				2C3B79012029756900E4A66D /* script.cocoscript in CopyFiles */,
			);
			runOnlyForDeploymentPostprocessing = 0;
		};
/* End PBXCopyFilesBuildPhase section */

/* Begin PBXFileReference section */
		2C3B78FB2029756900E4A66D /* PluginPlayground.sketchplugin */ = {isa = PBXFileReference; explicitFileType = wrapper.cfbundle; includeInIndex = 0; path = PluginPlayground.sketchplugin; sourceTree = BUILT_PRODUCTS_DIR; };
		2C3B78FE2029756900E4A66D /* manifest.json */ = {isa = PBXFileReference; lastKnownFileType = text.json; path = manifest.json; sourceTree = "<group>"; };
		2C3B79002029756900E4A66D /* script.cocoscript */ = {isa = PBXFileReference; lastKnownFileType = text; path = script.cocoscript; sourceTree = "<group>"; };
		2C3B79022029756900E4A66D /* Info.plist */ = {isa = PBXFileReference; lastKnownFileType = text.plist.xml; path = Info.plist; sourceTree = "<group>"; };
/* End PBXFileReference section */

/* Begin PBXFrameworksBuildPhase section */
		2C3B78F62029756900E4A66D /* Frameworks */ = {
			isa = PBXFrameworksBuildPhase;
			buildActionMask = 2147483647;
			files = (
			);
			runOnlyForDeploymentPostprocessing = 0;
		};
/* End PBXFrameworksBuildPhase section */

/* Begin PBXGroup section */
		2C3B78F02029756900E4A66D = {
			isa = PBXGroup;
			children = (
				2C3B78FD2029756900E4A66D /* PluginPlayground */,
				2C3B78FC2029756900E4A66D /* Products */,
			);
			sourceTree = "<group>";
		};
		2C3B78FC2029756900E4A66D /* Products */ = {
			isa = PBXGroup;
			children = (
				2C3B78FB2029756900E4A66D /* PluginPlayground.sketchplugin */,
			);
			name = Products;
			sourceTree = "<group>";
		};
		2C3B78FD2029756900E4A66D /* PluginPlayground */ = {
			isa = PBXGroup;
			children = (
				2C3B78FE2029756900E4A66D /* manifest.json */,
				2C3B79002029756900E4A66D /* script.cocoscript */,
				2C3B79022029756900E4A66D /* Info.plist */,
			);
			path = PluginPlayground;
			sourceTree = "<group>";
		};
/* End PBXGroup section */

/* Begin PBXNativeTarget section */
		2C3B78FA2029756900E4A66D /* PluginPlayground */ = {
			isa = PBXNativeTarget;
			buildConfigurationList = 2C3B79052029756900E4A66D /* Build configuration list for PBXNativeTarget "PluginPlayground" */;
			buildPhases = (
				2C3B78F52029756900E4A66D /* Sources */,
				2C3B78F62029756900E4A66D /* Frameworks */,
				2C3B78F72029756900E4A66D /* CopyFiles */,
				2C3B78F82029756900E4A66D /* ShellScript */,
				2C3B78F92029756900E4A66D /* ShellScript */,
			);
			buildRules = (
			);
			dependencies = (
			);
			name = PluginPlayground;
			productName = PluginPlayground;
			productReference = 2C3B78FB2029756900E4A66D /* PluginPlayground.sketchplugin */;
			productType = "com.apple.product-type.bundle";
		};
/* End PBXNativeTarget section */

/* Begin PBXProject section */
		2C3B78F12029756900E4A66D /* Project object */ = {
			isa = PBXProject;
			attributes = {
				LastUpgradeCheck = 0830;
				ORGANIZATIONNAME = "Suresh V Selvaraj";
				TargetAttributes = {
					2C3B78FA2029756900E4A66D = {
						CreatedOnToolsVersion = 8.3.2;
						DevelopmentTeam = B2LC4VZ5JV;
						ProvisioningStyle = Automatic;
					};
				};
			};
			buildConfigurationList = 2C3B78F42029756900E4A66D /* Build configuration list for PBXProject "PluginPlayground" */;
			compatibilityVersion = "Xcode 3.2";
			developmentRegion = English;
			hasScannedForEncodings = 0;
			knownRegions = (
				en,
			);
			mainGroup = 2C3B78F02029756900E4A66D;
			productRefGroup = 2C3B78FC2029756900E4A66D /* Products */;
			projectDirPath = "";
			projectRoot = "";
			targets = (
				2C3B78FA2029756900E4A66D /* PluginPlayground */,
			);
		};
/* End PBXProject section */

/* Begin PBXShellScriptBuildPhase section */
		2C3B78F82029756900E4A66D /* ShellScript */ = {
			isa = PBXShellScriptBuildPhase;
			buildActionMask = 2147483647;
			files = (
			);
			inputPaths = (
			);
			outputPaths = (
			);
			runOnlyForDeploymentPostprocessing = 0;
			shellPath = /bin/sh;
			shellScript = "echo \"Installing ${WRAPPER_NAME} to ~/Library/Application\\ Support/com.bohemiancoding.sketch3/Plugins/\"\ncp -rf ${BUILT_PRODUCTS_DIR}/${WRAPPER_NAME} ~/Library/Application\\ Support/com.bohemiancoding.sketch3/Plugins/\necho \"... Finished!\"";
		};
		2C3B78F92029756900E4A66D /* ShellScript */ = {
			isa = PBXShellScriptBuildPhase;
			buildActionMask = 2147483647;
			files = (
			);
			inputPaths = (
			);
			outputPaths = (
			);
			runOnlyForDeploymentPostprocessing = 0;
			shellPath = /bin/sh;
			shellScript = "f1=\"manifest.json\"\necho \"CONFIGURATION_BUILD_DIR = $CONFIGURATION_BUILD_DIR\"\necho \"CONTENTS_FOLDER_PATH = $CONTENTS_FOLDER_PATH\"\necho \"PLUGIN_VERSION = $PLUGIN_VERSION\"\necho \"PLUGIN_BUILD = $PLUGIN_BUILD\"\necho \"PLUGIN_IDENTIFIER = $PLUGIN_IDENTIFIER\"\nf2=\"$CONFIGURATION_BUILD_DIR/$CONTENTS_FOLDER_PATH/Sketch/$f1\"\nif [ -f $f2 ]; then\nsed -i \"\" -e \"s/PLUGIN_VERSION/$PLUGIN_VERSION/g\" \"$f2\"\nsed -i \"\" -e \"s/PLUGIN_BUILD/$PLUGIN_BUILD/g\" \"$f2\"\nsed -i \"\" -e \"s/PLUGIN_IDENTIFIER/$PLUGIN_IDENTIFIER/g\" \"$f2\"\n#atom \"$f2\"\nelse\necho \"File not found: $f2\"\nfi";
		};
/* End PBXShellScriptBuildPhase section */

/* Begin PBXSourcesBuildPhase section */
		2C3B78F52029756900E4A66D /* Sources */ = {
			isa = PBXSourcesBuildPhase;
			buildActionMask = 2147483647;
			files = (
			);
			runOnlyForDeploymentPostprocessing = 0;
		};
/* End PBXSourcesBuildPhase section */

/* Begin XCBuildConfiguration section */
		2C3B79032029756900E4A66D /* Debug */ = {
			isa = XCBuildConfiguration;
			buildSettings = {
				ALWAYS_SEARCH_USER_PATHS = NO;
				CLANG_ANALYZER_NONNULL = YES;
				CLANG_ANALYZER_NUMBER_OBJECT_CONVERSION = YES_AGGRESSIVE;
				CLANG_CXX_LANGUAGE_STANDARD = "gnu++0x";
				CLANG_CXX_LIBRARY = "libc++";
				CLANG_ENABLE_MODULES = YES;
				CLANG_ENABLE_OBJC_ARC = YES;
				CLANG_WARN_BOOL_CONVERSION = YES;
				CLANG_WARN_CONSTANT_CONVERSION = YES;
				CLANG_WARN_DIRECT_OBJC_ISA_USAGE = YES_ERROR;
				CLANG_WARN_DOCUMENTATION_COMMENTS = YES;
				CLANG_WARN_EMPTY_BODY = YES;
				CLANG_WARN_ENUM_CONVERSION = YES;
				CLANG_WARN_INFINITE_RECURSION = YES;
				CLANG_WARN_INT_CONVERSION = YES;
				CLANG_WARN_OBJC_ROOT_CLASS = YES_ERROR;
				CLANG_WARN_SUSPICIOUS_MOVE = YES;
				CLANG_WARN_UNREACHABLE_CODE = YES;
				CLANG_WARN__DUPLICATE_METHOD_MATCH = YES;
				CODE_SIGN_IDENTITY = "-";
				COPY_PHASE_STRIP = NO;
				DEBUG_INFORMATION_FORMAT = dwarf;
				ENABLE_STRICT_OBJC_MSGSEND = YES;
				ENABLE_TESTABILITY = YES;
				GCC_C_LANGUAGE_STANDARD = gnu99;
				GCC_DYNAMIC_NO_PIC = NO;
				GCC_NO_COMMON_BLOCKS = YES;
				GCC_OPTIMIZATION_LEVEL = 0;
				GCC_PREPROCESSOR_DEFINITIONS = (
					"DEBUG=1",
					"$(inherited)",
				);
				GCC_WARN_64_TO_32_BIT_CONVERSION = YES;
				GCC_WARN_ABOUT_RETURN_TYPE = YES_ERROR;
				GCC_WARN_UNDECLARED_SELECTOR = YES;
				GCC_WARN_UNINITIALIZED_AUTOS = YES_AGGRESSIVE;
				GCC_WARN_UNUSED_FUNCTION = YES;
				GCC_WARN_UNUSED_VARIABLE = YES;
				MACOSX_DEPLOYMENT_TARGET = 10.12;
				MTL_ENABLE_DEBUG_INFO = YES;
				ONLY_ACTIVE_ARCH = YES;
				SDKROOT = macosx;
			};
			name = Debug;
		};
		2C3B79042029756900E4A66D /* Release */ = {
			isa = XCBuildConfiguration;
			buildSettings = {
				ALWAYS_SEARCH_USER_PATHS = NO;
				CLANG_ANALYZER_NONNULL = YES;
				CLANG_ANALYZER_NUMBER_OBJECT_CONVERSION = YES_AGGRESSIVE;
				CLANG_CXX_LANGUAGE_STANDARD = "gnu++0x";
				CLANG_CXX_LIBRARY = "libc++";
				CLANG_ENABLE_MODULES = YES;
				CLANG_ENABLE_OBJC_ARC = YES;
				CLANG_WARN_BOOL_CONVERSION = YES;
				CLANG_WARN_CONSTANT_CONVERSION = YES;
				CLANG_WARN_DIRECT_OBJC_ISA_USAGE = YES_ERROR;
				CLANG_WARN_DOCUMENTATION_COMMENTS = YES;
				CLANG_WARN_EMPTY_BODY = YES;
				CLANG_WARN_ENUM_CONVERSION = YES;
				CLANG_WARN_INFINITE_RECURSION = YES;
				CLANG_WARN_INT_CONVERSION = YES;
				CLANG_WARN_OBJC_ROOT_CLASS = YES_ERROR;
				CLANG_WARN_SUSPICIOUS_MOVE = YES;
				CLANG_WARN_UNREACHABLE_CODE = YES;
				CLANG_WARN__DUPLICATE_METHOD_MATCH = YES;
				CODE_SIGN_IDENTITY = "-";
				COPY_PHASE_STRIP = NO;
				DEBUG_INFORMATION_FORMAT = "dwarf-with-dsym";
				ENABLE_NS_ASSERTIONS = NO;
				ENABLE_STRICT_OBJC_MSGSEND = YES;
				GCC_C_LANGUAGE_STANDARD = gnu99;
				GCC_NO_COMMON_BLOCKS = YES;
				GCC_WARN_64_TO_32_BIT_CONVERSION = YES;
				GCC_WARN_ABOUT_RETURN_TYPE = YES_ERROR;
				GCC_WARN_UNDECLARED_SELECTOR = YES;
				GCC_WARN_UNINITIALIZED_AUTOS = YES_AGGRESSIVE;
				GCC_WARN_UNUSED_FUNCTION = YES;
				GCC_WARN_UNUSED_VARIABLE = YES;
				MACOSX_DEPLOYMENT_TARGET = 10.12;
				MTL_ENABLE_DEBUG_INFO = NO;
				SDKROOT = macosx;
			};
			name = Release;
		};
		2C3B79062029756900E4A66D /* Debug */ = {
			isa = XCBuildConfiguration;
			buildSettings = {
				COMBINE_HIDPI_IMAGES = YES;
				DEVELOPMENT_TEAM = B2LC4VZ5JV;
				INFOPLIST_FILE = PluginPlayground/Info.plist;
				INSTALL_PATH = "$(LOCAL_LIBRARY_DIR)/Bundles";
				PLUGIN_BUILD = 1;
				PLUGIN_IDENTIFIER = "${PRODUCT_BUNDLE_IDENTIFIER}";
				PLUGIN_VERSION = 1.0;
				PRODUCT_BUNDLE_IDENTIFIER = com.nivritti.PluginPlayground;
				PRODUCT_NAME = "$(TARGET_NAME)";
				SKIP_INSTALL = YES;
				WRAPPER_EXTENSION = sketchplugin;
			};
			name = Debug;
		};
		2C3B79072029756900E4A66D /* Release */ = {
			isa = XCBuildConfiguration;
			buildSettings = {
				COMBINE_HIDPI_IMAGES = YES;
				DEVELOPMENT_TEAM = B2LC4VZ5JV;
				INFOPLIST_FILE = PluginPlayground/Info.plist;
				INSTALL_PATH = "$(LOCAL_LIBRARY_DIR)/Bundles";
				PLUGIN_BUILD = 1;
				PLUGIN_IDENTIFIER = "${PRODUCT_BUNDLE_IDENTIFIER}";
				PLUGIN_VERSION = 1.0;
				PRODUCT_BUNDLE_IDENTIFIER = com.nivritti.PluginPlayground;
				PRODUCT_NAME = "$(TARGET_NAME)";
				SKIP_INSTALL = YES;
				WRAPPER_EXTENSION = sketchplugin;
			};
			name = Release;
		};
/* End XCBuildConfiguration section */

/* Begin XCConfigurationList section */
		2C3B78F42029756900E4A66D /* Build configuration list for PBXProject "PluginPlayground" */ = {
			isa = XCConfigurationList;
			buildConfigurations = (
				2C3B79032029756900E4A66D /* Debug */,
				2C3B79042029756900E4A66D /* Release */,
			);
			defaultConfigurationIsVisible = 0;
			defaultConfigurationName = Release;
		};
		2C3B79052029756900E4A66D /* Build configuration list for PBXNativeTarget "PluginPlayground" */ = {
			isa = XCConfigurationList;
			buildConfigurations = (
				2C3B79062029756900E4A66D /* Debug */,
				2C3B79072029756900E4A66D /* Release */,
			);
			defaultConfigurationIsVisible = 0;
		};
/* End XCConfigurationList section */
	};
	rootObject = 2C3B78F12029756900E4A66D /* Project object */;
}
